
Microsoft Visual Studio Solution File, Format Version 12.00
# Visual Studio Version 17
VisualStudioVersion = 17.8.34511.84
MinimumVisualStudioVersion = 10.0.40219.1
Project("{FAE04EC0-301F-11D3-BF4B-00C04F79EFBC}") = "GuessingGame", "GuessingGame\GuessingGame.csproj", "{4BD3C2ED-54BF-42AF-B9E2-E960875F01DE}"
EndProject
Global
	GlobalSection(SolutionConfigurationPlatforms) = preSolution
		Debug|Any CPU = Debug|Any CPU
		Release|Any CPU = Release|Any CPU
	EndGlobalSection
	GlobalSection(ProjectConfigurationPlatforms) = postSolution
		{4BD3C2ED-54BF-42AF-B9E2-E960875F01DE}.Debug|Any CPU.ActiveCfg = Debug|Any CPU
		{4BD3C2ED-54BF-42AF-B9E2-E960875F01DE}.Debug|Any CPU.Build.0 = Debug|Any CPU
		{4BD3C2ED-54BF-42AF-B9E2-E960875F01DE}.Release|Any CPU.ActiveCfg = Release|Any CPU
		{4BD3C2ED-54BF-42AF-B9E2-E960875F01DE}.Release|Any CPU.Build.0 = Release|Any CPU
	EndGlobalSection
	GlobalSection(SolutionProperties) = preSolution
		HideSolutionNode = FALSE
	EndGlobalSection
	GlobalSection(ExtensibilityGlobals) = postSolution
		SolutionGuid = {5864954E-82C4-4ED8-8288-948CF186E2A0}
	EndGlobalSection
EndGlobal
